// !$*UTF8*$!
{
	archiveVersion = 1;
	classes = {
	};
	objectVersion = 56;
	objects = {

/* Begin PBXBuildFile section */
		18B5A1C9D9F0AF1CF9D9696F /* Pods_example_currency_to_btcTests.framework in Frameworks */ = {isa = PBXBuildFile; fileRef = 120270FD86F00F22992BC3C0 /* Pods_example_currency_to_btcTests.framework */; };
		1D5295112A7013A500B2E27D /* CalculatorCurrencyToBTCView.swift in Sources */ = {isa = PBXBuildFile; fileRef = 1D5295102A7013A500B2E27D /* CalculatorCurrencyToBTCView.swift */; };
		1D5295142A7018C700B2E27D /* MenuCollectionViewCell.swift in Sources */ = {isa = PBXBuildFile; fileRef = 1D5295132A7018C700B2E27D /* MenuCollectionViewCell.swift */; };
		1DB9A0F22A715E2500A378B8 /* ValidatePincodeController.swift in Sources */ = {isa = PBXBuildFile; fileRef = 1DB9A0F12A715E2500A378B8 /* ValidatePincodeController.swift */; };
		1DB9A0F42A715E2E00A378B8 /* ValidatePincodeViewModel.swift in Sources */ = {isa = PBXBuildFile; fileRef = 1DB9A0F32A715E2E00A378B8 /* ValidatePincodeViewModel.swift */; };
		1DC4042B2A6EE934007D5252 /* MainViewController.swift in Sources */ = {isa = PBXBuildFile; fileRef = 1DC4042A2A6EE934007D5252 /* MainViewController.swift */; };
		1DC4042E2A6EECAB007D5252 /* MainTableViewCell.swift in Sources */ = {isa = PBXBuildFile; fileRef = 1DC4042D2A6EECAB007D5252 /* MainTableViewCell.swift */; };
		1DC404352A6EF10B007D5252 /* MenuListEnum.swift in Sources */ = {isa = PBXBuildFile; fileRef = 1DC404342A6EF10B007D5252 /* MenuListEnum.swift */; };
		1DC404372A6EF272007D5252 /* CoinDeskAPI.swift in Sources */ = {isa = PBXBuildFile; fileRef = 1DC404362A6EF272007D5252 /* CoinDeskAPI.swift */; };
		1DC4043A2A6EF2E8007D5252 /* CurrentPriceResponse.swift in Sources */ = {isa = PBXBuildFile; fileRef = 1DC404392A6EF2E8007D5252 /* CurrentPriceResponse.swift */; };
		1DC4043C2A6EF4C6007D5252 /* CoinDeskRepository.swift in Sources */ = {isa = PBXBuildFile; fileRef = 1DC4043B2A6EF4C6007D5252 /* CoinDeskRepository.swift */; };
		1DC4043E2A6EF527007D5252 /* GetCurrentPriceUseCase.swift in Sources */ = {isa = PBXBuildFile; fileRef = 1DC4043D2A6EF527007D5252 /* GetCurrentPriceUseCase.swift */; };
		1DC404412A6EF58B007D5252 /* CurrencyViewController.swift in Sources */ = {isa = PBXBuildFile; fileRef = 1DC404402A6EF58B007D5252 /* CurrencyViewController.swift */; };
		1DC404442A6EF59D007D5252 /* CurrencyViewModel.swift in Sources */ = {isa = PBXBuildFile; fileRef = 1DC404432A6EF59D007D5252 /* CurrencyViewModel.swift */; };
		1DC4044B2A6F0A55007D5252 /* String+Extension.swift in Sources */ = {isa = PBXBuildFile; fileRef = 1DC4044A2A6F0A55007D5252 /* String+Extension.swift */; };
		1DC4044D2A6F0AB6007D5252 /* Double+Extension.swift in Sources */ = {isa = PBXBuildFile; fileRef = 1DC4044C2A6F0AB6007D5252 /* Double+Extension.swift */; };
		1DC4044F2A6F0CF2007D5252 /* CurrencyTableViewCell.swift in Sources */ = {isa = PBXBuildFile; fileRef = 1DC4044E2A6F0CF2007D5252 /* CurrencyTableViewCell.swift */; };
		1DC404512A6F0E52007D5252 /* Date+Extension.swift in Sources */ = {isa = PBXBuildFile; fileRef = 1DC404502A6F0E52007D5252 /* Date+Extension.swift */; };
		1DE3AD772A72C81700748F84 /* GenerateViewController.swift in Sources */ = {isa = PBXBuildFile; fileRef = 1DE3AD762A72C81700748F84 /* GenerateViewController.swift */; };
		1DE3AD7C2A72C83E00748F84 /* GenerateViewModel.swift in Sources */ = {isa = PBXBuildFile; fileRef = 1DE3AD7B2A72C83E00748F84 /* GenerateViewModel.swift */; };
		1DE3AD7E2A72CA4200748F84 /* Int+Extension.swift in Sources */ = {isa = PBXBuildFile; fileRef = 1DE3AD7D2A72CA4200748F84 /* Int+Extension.swift */; };
		1DE3AD872A72CD3200748F84 /* GenerateType.swift in Sources */ = {isa = PBXBuildFile; fileRef = 1DE3AD862A72CD3200748F84 /* GenerateType.swift */; };
		3549FC09BF883E8CAD3C1861 /* Pods_example_currency_to_btc.framework in Frameworks */ = {isa = PBXBuildFile; fileRef = 3F215C047ED5A49EEC3DED25 /* Pods_example_currency_to_btc.framework */; };
		EF6952462A680B3F00911F18 /* AppDelegate.swift in Sources */ = {isa = PBXBuildFile; fileRef = EF6952452A680B3F00911F18 /* AppDelegate.swift */; };
		EF6952482A680B3F00911F18 /* SceneDelegate.swift in Sources */ = {isa = PBXBuildFile; fileRef = EF6952472A680B3F00911F18 /* SceneDelegate.swift */; };
		EF69524F2A680B4100911F18 /* Assets.xcassets in Resources */ = {isa = PBXBuildFile; fileRef = EF69524E2A680B4100911F18 /* Assets.xcassets */; };
		EF6952522A680B4100911F18 /* LaunchScreen.storyboard in Resources */ = {isa = PBXBuildFile; fileRef = EF6952502A680B4100911F18 /* LaunchScreen.storyboard */; };
		EF69525D2A680B4100911F18 /* example_currency_to_btcTests.swift in Sources */ = {isa = PBXBuildFile; fileRef = EF69525C2A680B4100911F18 /* example_currency_to_btcTests.swift */; };
/* End PBXBuildFile section */

/* Begin PBXContainerItemProxy section */
		EF6952592A680B4100911F18 /* PBXContainerItemProxy */ = {
			isa = PBXContainerItemProxy;
			containerPortal = EF69523A2A680B3F00911F18 /* Project object */;
			proxyType = 1;
			remoteGlobalIDString = EF6952412A680B3F00911F18;
			remoteInfo = "example-currency-of-btc";
		};
/* End PBXContainerItemProxy section */

/* Begin PBXFileReference section */
		120270FD86F00F22992BC3C0 /* Pods_example_currency_to_btcTests.framework */ = {isa = PBXFileReference; explicitFileType = wrapper.framework; includeInIndex = 0; path = Pods_example_currency_to_btcTests.framework; sourceTree = BUILT_PRODUCTS_DIR; };
		1D5295102A7013A500B2E27D /* CalculatorCurrencyToBTCView.swift */ = {isa = PBXFileReference; lastKnownFileType = sourcecode.swift; path = CalculatorCurrencyToBTCView.swift; sourceTree = "<group>"; };
		1D5295132A7018C700B2E27D /* MenuCollectionViewCell.swift */ = {isa = PBXFileReference; lastKnownFileType = sourcecode.swift; path = MenuCollectionViewCell.swift; sourceTree = "<group>"; };
		1DB9A0F12A715E2500A378B8 /* ValidatePincodeController.swift */ = {isa = PBXFileReference; lastKnownFileType = sourcecode.swift; path = ValidatePincodeController.swift; sourceTree = "<group>"; };
		1DB9A0F32A715E2E00A378B8 /* ValidatePincodeViewModel.swift */ = {isa = PBXFileReference; lastKnownFileType = sourcecode.swift; path = ValidatePincodeViewModel.swift; sourceTree = "<group>"; };
		1DC4042A2A6EE934007D5252 /* MainViewController.swift */ = {isa = PBXFileReference; lastKnownFileType = sourcecode.swift; path = MainViewController.swift; sourceTree = "<group>"; };
		1DC4042D2A6EECAB007D5252 /* MainTableViewCell.swift */ = {isa = PBXFileReference; lastKnownFileType = sourcecode.swift; path = MainTableViewCell.swift; sourceTree = "<group>"; };
		1DC404342A6EF10B007D5252 /* MenuListEnum.swift */ = {isa = PBXFileReference; lastKnownFileType = sourcecode.swift; path = MenuListEnum.swift; sourceTree = "<group>"; };
		1DC404362A6EF272007D5252 /* CoinDeskAPI.swift */ = {isa = PBXFileReference; lastKnownFileType = sourcecode.swift; path = CoinDeskAPI.swift; sourceTree = "<group>"; };
		1DC404392A6EF2E8007D5252 /* CurrentPriceResponse.swift */ = {isa = PBXFileReference; lastKnownFileType = sourcecode.swift; path = CurrentPriceResponse.swift; sourceTree = "<group>"; };
		1DC4043B2A6EF4C6007D5252 /* CoinDeskRepository.swift */ = {isa = PBXFileReference; lastKnownFileType = sourcecode.swift; path = CoinDeskRepository.swift; sourceTree = "<group>"; };
		1DC4043D2A6EF527007D5252 /* GetCurrentPriceUseCase.swift */ = {isa = PBXFileReference; lastKnownFileType = sourcecode.swift; path = GetCurrentPriceUseCase.swift; sourceTree = "<group>"; };
		1DC404402A6EF58B007D5252 /* CurrencyViewController.swift */ = {isa = PBXFileReference; lastKnownFileType = sourcecode.swift; path = CurrencyViewController.swift; sourceTree = "<group>"; };
		1DC404432A6EF59D007D5252 /* CurrencyViewModel.swift */ = {isa = PBXFileReference; lastKnownFileType = sourcecode.swift; path = CurrencyViewModel.swift; sourceTree = "<group>"; };
		1DC4044A2A6F0A55007D5252 /* String+Extension.swift */ = {isa = PBXFileReference; lastKnownFileType = sourcecode.swift; path = "String+Extension.swift"; sourceTree = "<group>"; };
		1DC4044C2A6F0AB6007D5252 /* Double+Extension.swift */ = {isa = PBXFileReference; lastKnownFileType = sourcecode.swift; path = "Double+Extension.swift"; sourceTree = "<group>"; };
		1DC4044E2A6F0CF2007D5252 /* CurrencyTableViewCell.swift */ = {isa = PBXFileReference; lastKnownFileType = sourcecode.swift; path = CurrencyTableViewCell.swift; sourceTree = "<group>"; };
		1DC404502A6F0E52007D5252 /* Date+Extension.swift */ = {isa = PBXFileReference; lastKnownFileType = sourcecode.swift; path = "Date+Extension.swift"; sourceTree = "<group>"; };
		1DE3AD762A72C81700748F84 /* GenerateViewController.swift */ = {isa = PBXFileReference; lastKnownFileType = sourcecode.swift; path = GenerateViewController.swift; sourceTree = "<group>"; };
		1DE3AD7B2A72C83E00748F84 /* GenerateViewModel.swift */ = {isa = PBXFileReference; lastKnownFileType = sourcecode.swift; path = GenerateViewModel.swift; sourceTree = "<group>"; };
		1DE3AD7D2A72CA4200748F84 /* Int+Extension.swift */ = {isa = PBXFileReference; lastKnownFileType = sourcecode.swift; path = "Int+Extension.swift"; sourceTree = "<group>"; };
		1DE3AD862A72CD3200748F84 /* GenerateType.swift */ = {isa = PBXFileReference; lastKnownFileType = sourcecode.swift; path = GenerateType.swift; sourceTree = "<group>"; };
		3F215C047ED5A49EEC3DED25 /* Pods_example_currency_to_btc.framework */ = {isa = PBXFileReference; explicitFileType = wrapper.framework; includeInIndex = 0; path = Pods_example_currency_to_btc.framework; sourceTree = BUILT_PRODUCTS_DIR; };
		5465273428EA2B0E90E1B15B /* Pods-example-currency-to-btcTests.debug.xcconfig */ = {isa = PBXFileReference; includeInIndex = 1; lastKnownFileType = text.xcconfig; name = "Pods-example-currency-to-btcTests.debug.xcconfig"; path = "Target Support Files/Pods-example-currency-to-btcTests/Pods-example-currency-to-btcTests.debug.xcconfig"; sourceTree = "<group>"; };
		DB901226F52B662E099C4B0E /* Pods-example-currency-to-btcTests.release.xcconfig */ = {isa = PBXFileReference; includeInIndex = 1; lastKnownFileType = text.xcconfig; name = "Pods-example-currency-to-btcTests.release.xcconfig"; path = "Target Support Files/Pods-example-currency-to-btcTests/Pods-example-currency-to-btcTests.release.xcconfig"; sourceTree = "<group>"; };
		E36355BD0A74A789D6FF1BD6 /* Pods-example-currency-to-btc.release.xcconfig */ = {isa = PBXFileReference; includeInIndex = 1; lastKnownFileType = text.xcconfig; name = "Pods-example-currency-to-btc.release.xcconfig"; path = "Target Support Files/Pods-example-currency-to-btc/Pods-example-currency-to-btc.release.xcconfig"; sourceTree = "<group>"; };
		EF6952422A680B3F00911F18 /* example-currency-to-btc.app */ = {isa = PBXFileReference; explicitFileType = wrapper.application; includeInIndex = 0; path = "example-currency-to-btc.app"; sourceTree = BUILT_PRODUCTS_DIR; };
		EF6952452A680B3F00911F18 /* AppDelegate.swift */ = {isa = PBXFileReference; lastKnownFileType = sourcecode.swift; path = AppDelegate.swift; sourceTree = "<group>"; };
		EF6952472A680B3F00911F18 /* SceneDelegate.swift */ = {isa = PBXFileReference; lastKnownFileType = sourcecode.swift; path = SceneDelegate.swift; sourceTree = "<group>"; };
		EF69524E2A680B4100911F18 /* Assets.xcassets */ = {isa = PBXFileReference; lastKnownFileType = folder.assetcatalog; path = Assets.xcassets; sourceTree = "<group>"; };
		EF6952512A680B4100911F18 /* Base */ = {isa = PBXFileReference; lastKnownFileType = file.storyboard; name = Base; path = Base.lproj/LaunchScreen.storyboard; sourceTree = "<group>"; };
		EF6952532A680B4100911F18 /* Info.plist */ = {isa = PBXFileReference; lastKnownFileType = text.plist.xml; path = Info.plist; sourceTree = "<group>"; };
		EF6952582A680B4100911F18 /* example-currency-to-btcTests.xctest */ = {isa = PBXFileReference; explicitFileType = wrapper.cfbundle; includeInIndex = 0; path = "example-currency-to-btcTests.xctest"; sourceTree = BUILT_PRODUCTS_DIR; };
		EF69525C2A680B4100911F18 /* example_currency_to_btcTests.swift */ = {isa = PBXFileReference; lastKnownFileType = sourcecode.swift; path = example_currency_to_btcTests.swift; sourceTree = "<group>"; };
		F9BBD7A4AF207C3CB2D8B06B /* Pods-example-currency-to-btc.debug.xcconfig */ = {isa = PBXFileReference; includeInIndex = 1; lastKnownFileType = text.xcconfig; name = "Pods-example-currency-to-btc.debug.xcconfig"; path = "Target Support Files/Pods-example-currency-to-btc/Pods-example-currency-to-btc.debug.xcconfig"; sourceTree = "<group>"; };
/* End PBXFileReference section */

/* Begin PBXFrameworksBuildPhase section */
		EF69523F2A680B3F00911F18 /* Frameworks */ = {
			isa = PBXFrameworksBuildPhase;
			buildActionMask = 2147483647;
			files = (
				3549FC09BF883E8CAD3C1861 /* Pods_example_currency_to_btc.framework in Frameworks */,
			);
			runOnlyForDeploymentPostprocessing = 0;
		};
		EF6952552A680B4100911F18 /* Frameworks */ = {
			isa = PBXFrameworksBuildPhase;
			buildActionMask = 2147483647;
			files = (
				18B5A1C9D9F0AF1CF9D9696F /* Pods_example_currency_to_btcTests.framework in Frameworks */,
			);
			runOnlyForDeploymentPostprocessing = 0;
		};
/* End PBXFrameworksBuildPhase section */

/* Begin PBXGroup section */
		1D52950F2A70137C00B2E27D /* CalculatorCurrencyToBTCView */ = {
			isa = PBXGroup;
			children = (
				1D5295102A7013A500B2E27D /* CalculatorCurrencyToBTCView.swift */,
			);
			path = CalculatorCurrencyToBTCView;
			sourceTree = "<group>";
		};
		1D5295122A7018B800B2E27D /* CollectionViewCell */ = {
			isa = PBXGroup;
			children = (
				1D5295132A7018C700B2E27D /* MenuCollectionViewCell.swift */,
			);
			path = CollectionViewCell;
			sourceTree = "<group>";
		};
		1DB9A0EE2A715E0000A378B8 /* ValidatePincode */ = {
			isa = PBXGroup;
			children = (
				1DB9A0F02A715E1400A378B8 /* ViewModel */,
				1DB9A0EF2A715E1000A378B8 /* View */,
			);
			path = ValidatePincode;
			sourceTree = "<group>";
		};
		1DB9A0EF2A715E1000A378B8 /* View */ = {
			isa = PBXGroup;
			children = (
				1DB9A0F12A715E2500A378B8 /* ValidatePincodeController.swift */,
			);
			path = View;
			sourceTree = "<group>";
		};
		1DB9A0F02A715E1400A378B8 /* ViewModel */ = {
			isa = PBXGroup;
			children = (
				1DB9A0F32A715E2E00A378B8 /* ValidatePincodeViewModel.swift */,
			);
			path = ViewModel;
			sourceTree = "<group>";
		};
		1DC404242A6EE8E1007D5252 /* Scenes */ = {
			isa = PBXGroup;
			children = (
				1DE3AD752A72C7F300748F84 /* GenerateNumber */,
				1DB9A0EE2A715E0000A378B8 /* ValidatePincode */,
				1DC4043F2A6EF572007D5252 /* Currency */,
				1DC404292A6EE926007D5252 /* Main */,
			);
			path = Scenes;
			sourceTree = "<group>";
		};
		1DC404252A6EE8EC007D5252 /* Resources */ = {
			isa = PBXGroup;
			children = (
				EF69524E2A680B4100911F18 /* Assets.xcassets */,
			);
			path = Resources;
			sourceTree = "<group>";
		};
		1DC404262A6EE901007D5252 /* Data */ = {
			isa = PBXGroup;
			children = (
				1DC404332A6EF0F3007D5252 /* Enums */,
				1DC404322A6EF0DF007D5252 /* Repositories */,
				1DC404312A6EF0D4007D5252 /* UseCases */,
				1DC404302A6EF0CB007D5252 /* Providers */,
				1DC4042F2A6EF0C7007D5252 /* Models */,
			);
			path = Data;
			sourceTree = "<group>";
		};
		1DC404272A6EE909007D5252 /* Extensions */ = {
			isa = PBXGroup;
			children = (
				1DC4044A2A6F0A55007D5252 /* String+Extension.swift */,
				1DC4044C2A6F0AB6007D5252 /* Double+Extension.swift */,
				1DC404502A6F0E52007D5252 /* Date+Extension.swift */,
				1DE3AD7D2A72CA4200748F84 /* Int+Extension.swift */,
			);
			path = Extensions;
			sourceTree = "<group>";
		};
		1DC404282A6EE915007D5252 /* Shared */ = {
			isa = PBXGroup;
			children = (
				1D5295122A7018B800B2E27D /* CollectionViewCell */,
				1DC404452A6EFD74007D5252 /* Components */,
				1DC4042C2A6EEC8C007D5252 /* TableViewCell */,
			);
			path = Shared;
			sourceTree = "<group>";
		};
		1DC404292A6EE926007D5252 /* Main */ = {
			isa = PBXGroup;
			children = (
				1DC4042A2A6EE934007D5252 /* MainViewController.swift */,
			);
			path = Main;
			sourceTree = "<group>";
		};
		1DC4042C2A6EEC8C007D5252 /* TableViewCell */ = {
			isa = PBXGroup;
			children = (
				1DC4042D2A6EECAB007D5252 /* MainTableViewCell.swift */,
				1DC4044E2A6F0CF2007D5252 /* CurrencyTableViewCell.swift */,
			);
			path = TableViewCell;
			sourceTree = "<group>";
		};
		1DC4042F2A6EF0C7007D5252 /* Models */ = {
			isa = PBXGroup;
			children = (
				1DC404382A6EF2D8007D5252 /* CurrentPrice */,
			);
			path = Models;
			sourceTree = "<group>";
		};
		1DC404302A6EF0CB007D5252 /* Providers */ = {
			isa = PBXGroup;
			children = (
				1DC404362A6EF272007D5252 /* CoinDeskAPI.swift */,
			);
			path = Providers;
			sourceTree = "<group>";
		};
		1DC404312A6EF0D4007D5252 /* UseCases */ = {
			isa = PBXGroup;
			children = (
				1DC4043D2A6EF527007D5252 /* GetCurrentPriceUseCase.swift */,
			);
			path = UseCases;
			sourceTree = "<group>";
		};
		1DC404322A6EF0DF007D5252 /* Repositories */ = {
			isa = PBXGroup;
			children = (
				1DC4043B2A6EF4C6007D5252 /* CoinDeskRepository.swift */,
			);
			path = Repositories;
			sourceTree = "<group>";
		};
		1DC404332A6EF0F3007D5252 /* Enums */ = {
			isa = PBXGroup;
			children = (
				1DC404342A6EF10B007D5252 /* MenuListEnum.swift */,
				1DE3AD862A72CD3200748F84 /* GenerateType.swift */,
			);
			path = Enums;
			sourceTree = "<group>";
		};
		1DC404382A6EF2D8007D5252 /* CurrentPrice */ = {
			isa = PBXGroup;
			children = (
				1DC404392A6EF2E8007D5252 /* CurrentPriceResponse.swift */,
			);
			path = CurrentPrice;
			sourceTree = "<group>";
		};
		1DC4043F2A6EF572007D5252 /* Currency */ = {
			isa = PBXGroup;
			children = (
				1DC404492A6F071C007D5252 /* View */,
				1DC404422A6EF58E007D5252 /* ViewModel */,
			);
			path = Currency;
			sourceTree = "<group>";
		};
		1DC404422A6EF58E007D5252 /* ViewModel */ = {
			isa = PBXGroup;
			children = (
				1DC404432A6EF59D007D5252 /* CurrencyViewModel.swift */,
			);
			path = ViewModel;
			sourceTree = "<group>";
		};
		1DC404452A6EFD74007D5252 /* Components */ = {
			isa = PBXGroup;
			children = (
				1D52950F2A70137C00B2E27D /* CalculatorCurrencyToBTCView */,
			);
			path = Components;
			sourceTree = "<group>";
		};
		1DC404492A6F071C007D5252 /* View */ = {
			isa = PBXGroup;
			children = (
				1DC404402A6EF58B007D5252 /* CurrencyViewController.swift */,
			);
			path = View;
			sourceTree = "<group>";
		};
		1DE3AD752A72C7F300748F84 /* GenerateNumber */ = {
			isa = PBXGroup;
			children = (
				1DE3AD7A2A72C82E00748F84 /* View */,
				1DE3AD792A72C82800748F84 /* ViewModel */,
			);
			path = GenerateNumber;
			sourceTree = "<group>";
		};
		1DE3AD792A72C82800748F84 /* ViewModel */ = {
			isa = PBXGroup;
			children = (
				1DE3AD7B2A72C83E00748F84 /* GenerateViewModel.swift */,
			);
			path = ViewModel;
			sourceTree = "<group>";
		};
		1DE3AD7A2A72C82E00748F84 /* View */ = {
			isa = PBXGroup;
			children = (
				1DE3AD762A72C81700748F84 /* GenerateViewController.swift */,
			);
			path = View;
			sourceTree = "<group>";
		};
		33E0D473882D649A7A21E79E /* Pods */ = {
			isa = PBXGroup;
			children = (
				F9BBD7A4AF207C3CB2D8B06B /* Pods-example-currency-to-btc.debug.xcconfig */,
				E36355BD0A74A789D6FF1BD6 /* Pods-example-currency-to-btc.release.xcconfig */,
				5465273428EA2B0E90E1B15B /* Pods-example-currency-to-btcTests.debug.xcconfig */,
				DB901226F52B662E099C4B0E /* Pods-example-currency-to-btcTests.release.xcconfig */,
			);
			path = Pods;
			sourceTree = "<group>";
		};
		A5815A025457BFE899062A98 /* Frameworks */ = {
			isa = PBXGroup;
			children = (
				3F215C047ED5A49EEC3DED25 /* Pods_example_currency_to_btc.framework */,
				120270FD86F00F22992BC3C0 /* Pods_example_currency_to_btcTests.framework */,
			);
			name = Frameworks;
			sourceTree = "<group>";
		};
		EF6952392A680B3F00911F18 = {
			isa = PBXGroup;
			children = (
				EF6952442A680B3F00911F18 /* example-currency-to-btc */,
				EF69525B2A680B4100911F18 /* example-currency-to-btcTests */,
				EF6952432A680B3F00911F18 /* Products */,
				33E0D473882D649A7A21E79E /* Pods */,
				A5815A025457BFE899062A98 /* Frameworks */,
			);
			sourceTree = "<group>";
		};
		EF6952432A680B3F00911F18 /* Products */ = {
			isa = PBXGroup;
			children = (
				EF6952422A680B3F00911F18 /* example-currency-to-btc.app */,
				EF6952582A680B4100911F18 /* example-currency-to-btcTests.xctest */,
			);
			name = Products;
			sourceTree = "<group>";
		};
		EF6952442A680B3F00911F18 /* example-currency-to-btc */ = {
			isa = PBXGroup;
			children = (
				1DC404282A6EE915007D5252 /* Shared */,
				1DC404272A6EE909007D5252 /* Extensions */,
				1DC404262A6EE901007D5252 /* Data */,
				1DC404252A6EE8EC007D5252 /* Resources */,
				1DC404242A6EE8E1007D5252 /* Scenes */,
				EF6952452A680B3F00911F18 /* AppDelegate.swift */,
				EF6952472A680B3F00911F18 /* SceneDelegate.swift */,
				EF6952502A680B4100911F18 /* LaunchScreen.storyboard */,
				EF6952532A680B4100911F18 /* Info.plist */,
			);
			path = "example-currency-to-btc";
			sourceTree = "<group>";
		};
		EF69525B2A680B4100911F18 /* example-currency-to-btcTests */ = {
			isa = PBXGroup;
			children = (
				EF69525C2A680B4100911F18 /* example_currency_to_btcTests.swift */,
			);
			path = "example-currency-to-btcTests";
			sourceTree = "<group>";
		};
/* End PBXGroup section */

/* Begin PBXNativeTarget section */
		EF6952412A680B3F00911F18 /* example-currency-to-btc */ = {
			isa = PBXNativeTarget;
			buildConfigurationList = EF69526C2A680B4100911F18 /* Build configuration list for PBXNativeTarget "example-currency-to-btc" */;
			buildPhases = (
				31C9DAB9C2563CA5B4B3A67E /* [CP] Check Pods Manifest.lock */,
				EF69523E2A680B3F00911F18 /* Sources */,
				EF69523F2A680B3F00911F18 /* Frameworks */,
				EF6952402A680B3F00911F18 /* Resources */,
				79B0F13784FF63020571047B /* [CP] Embed Pods Frameworks */,
			);
			buildRules = (
			);
			dependencies = (
			);
			name = "example-currency-to-btc";
			productName = "example-currency-of-btc";
			productReference = EF6952422A680B3F00911F18 /* example-currency-to-btc.app */;
			productType = "com.apple.product-type.application";
		};
		EF6952572A680B4100911F18 /* example-currency-to-btcTests */ = {
			isa = PBXNativeTarget;
			buildConfigurationList = EF69526F2A680B4100911F18 /* Build configuration list for PBXNativeTarget "example-currency-to-btcTests" */;
			buildPhases = (
				AC571DB7B0A1FA6ED4D5D9BA /* [CP] Check Pods Manifest.lock */,
				EF6952542A680B4100911F18 /* Sources */,
				EF6952552A680B4100911F18 /* Frameworks */,
				EF6952562A680B4100911F18 /* Resources */,
			);
			buildRules = (
			);
			dependencies = (
				EF69525A2A680B4100911F18 /* PBXTargetDependency */,
			);
			name = "example-currency-to-btcTests";
			productName = "example-currency-of-btcTests";
			productReference = EF6952582A680B4100911F18 /* example-currency-to-btcTests.xctest */;
			productType = "com.apple.product-type.bundle.unit-test";
		};
/* End PBXNativeTarget section */

/* Begin PBXProject section */
		EF69523A2A680B3F00911F18 /* Project object */ = {
			isa = PBXProject;
			attributes = {
				BuildIndependentTargetsInParallel = 1;
				LastSwiftUpdateCheck = 1430;
				LastUpgradeCheck = 1430;
				TargetAttributes = {
					EF6952412A680B3F00911F18 = {
						CreatedOnToolsVersion = 14.3;
					};
					EF6952572A680B4100911F18 = {
						CreatedOnToolsVersion = 14.3;
						TestTargetID = EF6952412A680B3F00911F18;
					};
				};
			};
			buildConfigurationList = EF69523D2A680B3F00911F18 /* Build configuration list for PBXProject "example-currency-to-btc" */;
			compatibilityVersion = "Xcode 14.0";
			developmentRegion = en;
			hasScannedForEncodings = 0;
			knownRegions = (
				en,
				Base,
			);
			mainGroup = EF6952392A680B3F00911F18;
			productRefGroup = EF6952432A680B3F00911F18 /* Products */;
			projectDirPath = "";
			projectRoot = "";
			targets = (
				EF6952412A680B3F00911F18 /* example-currency-to-btc */,
				EF6952572A680B4100911F18 /* example-currency-to-btcTests */,
			);
		};
/* End PBXProject section */

/* Begin PBXResourcesBuildPhase section */
		EF6952402A680B3F00911F18 /* Resources */ = {
			isa = PBXResourcesBuildPhase;
			buildActionMask = 2147483647;
			files = (
				EF6952522A680B4100911F18 /* LaunchScreen.storyboard in Resources */,
				EF69524F2A680B4100911F18 /* Assets.xcassets in Resources */,
			);
			runOnlyForDeploymentPostprocessing = 0;
		};
		EF6952562A680B4100911F18 /* Resources */ = {
			isa = PBXResourcesBuildPhase;
			buildActionMask = 2147483647;
			files = (
			);
			runOnlyForDeploymentPostprocessing = 0;
		};
/* End PBXResourcesBuildPhase section */

/* Begin PBXShellScriptBuildPhase section */
		31C9DAB9C2563CA5B4B3A67E /* [CP] Check Pods Manifest.lock */ = {
			isa = PBXShellScriptBuildPhase;
			buildActionMask = 2147483647;
			files = (
			);
			inputFileListPaths = (
			);
			inputPaths = (
				"${PODS_PODFILE_DIR_PATH}/Podfile.lock",
				"${PODS_ROOT}/Manifest.lock",
			);
			name = "[CP] Check Pods Manifest.lock";
			outputFileListPaths = (
			);
			outputPaths = (
				"$(DERIVED_FILE_DIR)/Pods-example-currency-to-btc-checkManifestLockResult.txt",
			);
			runOnlyForDeploymentPostprocessing = 0;
			shellPath = /bin/sh;
			shellScript = "diff \"${PODS_PODFILE_DIR_PATH}/Podfile.lock\" \"${PODS_ROOT}/Manifest.lock\" > /dev/null\nif [ $? != 0 ] ; then\n    # print error to STDERR\n    echo \"error: The sandbox is not in sync with the Podfile.lock. Run 'pod install' or update your CocoaPods installation.\" >&2\n    exit 1\nfi\n# This output is used by Xcode 'outputs' to avoid re-running this script phase.\necho \"SUCCESS\" > \"${SCRIPT_OUTPUT_FILE_0}\"\n";
			showEnvVarsInLog = 0;
		};
		79B0F13784FF63020571047B /* [CP] Embed Pods Frameworks */ = {
			isa = PBXShellScriptBuildPhase;
			buildActionMask = 2147483647;
			files = (
			);
			inputFileListPaths = (
				"${PODS_ROOT}/Target Support Files/Pods-example-currency-to-btc/Pods-example-currency-to-btc-frameworks-${CONFIGURATION}-input-files.xcfilelist",
			);
			name = "[CP] Embed Pods Frameworks";
			outputFileListPaths = (
				"${PODS_ROOT}/Target Support Files/Pods-example-currency-to-btc/Pods-example-currency-to-btc-frameworks-${CONFIGURATION}-output-files.xcfilelist",
			);
			runOnlyForDeploymentPostprocessing = 0;
			shellPath = /bin/sh;
			shellScript = "\"${PODS_ROOT}/Target Support Files/Pods-example-currency-to-btc/Pods-example-currency-to-btc-frameworks.sh\"\n";
			showEnvVarsInLog = 0;
		};
		AC571DB7B0A1FA6ED4D5D9BA /* [CP] Check Pods Manifest.lock */ = {
			isa = PBXShellScriptBuildPhase;
			buildActionMask = 2147483647;
			files = (
			);
			inputFileListPaths = (
			);
			inputPaths = (
				"${PODS_PODFILE_DIR_PATH}/Podfile.lock",
				"${PODS_ROOT}/Manifest.lock",
			);
			name = "[CP] Check Pods Manifest.lock";
			outputFileListPaths = (
			);
			outputPaths = (
				"$(DERIVED_FILE_DIR)/Pods-example-currency-to-btcTests-checkManifestLockResult.txt",
			);
			runOnlyForDeploymentPostprocessing = 0;
			shellPath = /bin/sh;
			shellScript = "diff \"${PODS_PODFILE_DIR_PATH}/Podfile.lock\" \"${PODS_ROOT}/Manifest.lock\" > /dev/null\nif [ $? != 0 ] ; then\n    # print error to STDERR\n    echo \"error: The sandbox is not in sync with the Podfile.lock. Run 'pod install' or update your CocoaPods installation.\" >&2\n    exit 1\nfi\n# This output is used by Xcode 'outputs' to avoid re-running this script phase.\necho \"SUCCESS\" > \"${SCRIPT_OUTPUT_FILE_0}\"\n";
			showEnvVarsInLog = 0;
		};
/* End PBXShellScriptBuildPhase section */

/* Begin PBXSourcesBuildPhase section */
		EF69523E2A680B3F00911F18 /* Sources */ = {
			isa = PBXSourcesBuildPhase;
			buildActionMask = 2147483647;
			files = (
				1DB9A0F22A715E2500A378B8 /* ValidatePincodeController.swift in Sources */,
				1DC404372A6EF272007D5252 /* CoinDeskAPI.swift in Sources */,
				1DC404442A6EF59D007D5252 /* CurrencyViewModel.swift in Sources */,
				1DB9A0F42A715E2E00A378B8 /* ValidatePincodeViewModel.swift in Sources */,
				1DC4044D2A6F0AB6007D5252 /* Double+Extension.swift in Sources */,
				1DE3AD7E2A72CA4200748F84 /* Int+Extension.swift in Sources */,
				1DC4043A2A6EF2E8007D5252 /* CurrentPriceResponse.swift in Sources */,
				1DC404512A6F0E52007D5252 /* Date+Extension.swift in Sources */,
				1DC4042B2A6EE934007D5252 /* MainViewController.swift in Sources */,
				1DC4043C2A6EF4C6007D5252 /* CoinDeskRepository.swift in Sources */,
				1DC4044B2A6F0A55007D5252 /* String+Extension.swift in Sources */,
				1DC404352A6EF10B007D5252 /* MenuListEnum.swift in Sources */,
				EF6952462A680B3F00911F18 /* AppDelegate.swift in Sources */,
				1DE3AD7C2A72C83E00748F84 /* GenerateViewModel.swift in Sources */,
				1D5295142A7018C700B2E27D /* MenuCollectionViewCell.swift in Sources */,
				1DC4042E2A6EECAB007D5252 /* MainTableViewCell.swift in Sources */,
				EF6952482A680B3F00911F18 /* SceneDelegate.swift in Sources */,
				1DE3AD872A72CD3200748F84 /* GenerateType.swift in Sources */,
				1DC4043E2A6EF527007D5252 /* GetCurrentPriceUseCase.swift in Sources */,
				1DC4044F2A6F0CF2007D5252 /* CurrencyTableViewCell.swift in Sources */,
				1DC404412A6EF58B007D5252 /* CurrencyViewController.swift in Sources */,
				1DE3AD772A72C81700748F84 /* GenerateViewController.swift in Sources */,
				1D5295112A7013A500B2E27D /* CalculatorCurrencyToBTCView.swift in Sources */,
			);
			runOnlyForDeploymentPostprocessing = 0;
		};
		EF6952542A680B4100911F18 /* Sources */ = {
			isa = PBXSourcesBuildPhase;
			buildActionMask = 2147483647;
			files = (
				EF69525D2A680B4100911F18 /* example_currency_to_btcTests.swift in Sources */,
			);
			runOnlyForDeploymentPostprocessing = 0;
		};
/* End PBXSourcesBuildPhase section */

/* Begin PBXTargetDependency section */
		EF69525A2A680B4100911F18 /* PBXTargetDependency */ = {
			isa = PBXTargetDependency;
			target = EF6952412A680B3F00911F18 /* example-currency-to-btc */;
			targetProxy = EF6952592A680B4100911F18 /* PBXContainerItemProxy */;
		};
/* End PBXTargetDependency section */

/* Begin PBXVariantGroup section */
		EF6952502A680B4100911F18 /* LaunchScreen.storyboard */ = {
			isa = PBXVariantGroup;
			children = (
				EF6952512A680B4100911F18 /* Base */,
			);
			name = LaunchScreen.storyboard;
			sourceTree = "<group>";
		};
/* End PBXVariantGroup section */

/* Begin XCBuildConfiguration section */
		EF69526A2A680B4100911F18 /* Debug */ = {
			isa = XCBuildConfiguration;
			buildSettings = {
				ALWAYS_SEARCH_USER_PATHS = NO;
				CLANG_ANALYZER_NONNULL = YES;
				CLANG_ANALYZER_NUMBER_OBJECT_CONVERSION = YES_AGGRESSIVE;
				CLANG_CXX_LANGUAGE_STANDARD = "gnu++20";
				CLANG_ENABLE_MODULES = YES;
				CLANG_ENABLE_OBJC_ARC = YES;
				CLANG_ENABLE_OBJC_WEAK = YES;
				CLANG_WARN_BLOCK_CAPTURE_AUTORELEASING = YES;
				CLANG_WARN_BOOL_CONVERSION = YES;
				CLANG_WARN_COMMA = YES;
				CLANG_WARN_CONSTANT_CONVERSION = YES;
				CLANG_WARN_DEPRECATED_OBJC_IMPLEMENTATIONS = YES;
				CLANG_WARN_DIRECT_OBJC_ISA_USAGE = YES_ERROR;
				CLANG_WARN_DOCUMENTATION_COMMENTS = YES;
				CLANG_WARN_EMPTY_BODY = YES;
				CLANG_WARN_ENUM_CONVERSION = YES;
				CLANG_WARN_INFINITE_RECURSION = YES;
				CLANG_WARN_INT_CONVERSION = YES;
				CLANG_WARN_NON_LITERAL_NULL_CONVERSION = YES;
				CLANG_WARN_OBJC_IMPLICIT_RETAIN_SELF = YES;
				CLANG_WARN_OBJC_LITERAL_CONVERSION = YES;
				CLANG_WARN_OBJC_ROOT_CLASS = YES_ERROR;
				CLANG_WARN_QUOTED_INCLUDE_IN_FRAMEWORK_HEADER = YES;
				CLANG_WARN_RANGE_LOOP_ANALYSIS = YES;
				CLANG_WARN_STRICT_PROTOTYPES = YES;
				CLANG_WARN_SUSPICIOUS_MOVE = YES;
				CLANG_WARN_UNGUARDED_AVAILABILITY = YES_AGGRESSIVE;
				CLANG_WARN_UNREACHABLE_CODE = YES;
				CLANG_WARN__DUPLICATE_METHOD_MATCH = YES;
				COPY_PHASE_STRIP = NO;
				DEBUG_INFORMATION_FORMAT = dwarf;
				ENABLE_STRICT_OBJC_MSGSEND = YES;
				ENABLE_TESTABILITY = YES;
				GCC_C_LANGUAGE_STANDARD = gnu11;
				GCC_DYNAMIC_NO_PIC = NO;
				GCC_NO_COMMON_BLOCKS = YES;
				GCC_OPTIMIZATION_LEVEL = 0;
				GCC_PREPROCESSOR_DEFINITIONS = (
					"DEBUG=1",
					"$(inherited)",
				);
				GCC_WARN_64_TO_32_BIT_CONVERSION = YES;
				GCC_WARN_ABOUT_RETURN_TYPE = YES_ERROR;
				GCC_WARN_UNDECLARED_SELECTOR = YES;
				GCC_WARN_UNINITIALIZED_AUTOS = YES_AGGRESSIVE;
				GCC_WARN_UNUSED_FUNCTION = YES;
				GCC_WARN_UNUSED_VARIABLE = YES;
				IPHONEOS_DEPLOYMENT_TARGET = 15.0;
				MTL_ENABLE_DEBUG_INFO = INCLUDE_SOURCE;
				MTL_FAST_MATH = YES;
				ONLY_ACTIVE_ARCH = YES;
				SDKROOT = iphoneos;
				SWIFT_ACTIVE_COMPILATION_CONDITIONS = DEBUG;
				SWIFT_OPTIMIZATION_LEVEL = "-Onone";
			};
			name = Debug;
		};
		EF69526B2A680B4100911F18 /* Release */ = {
			isa = XCBuildConfiguration;
			buildSettings = {
				ALWAYS_SEARCH_USER_PATHS = NO;
				CLANG_ANALYZER_NONNULL = YES;
				CLANG_ANALYZER_NUMBER_OBJECT_CONVERSION = YES_AGGRESSIVE;
				CLANG_CXX_LANGUAGE_STANDARD = "gnu++20";
				CLANG_ENABLE_MODULES = YES;
				CLANG_ENABLE_OBJC_ARC = YES;
				CLANG_ENABLE_OBJC_WEAK = YES;
				CLANG_WARN_BLOCK_CAPTURE_AUTORELEASING = YES;
				CLANG_WARN_BOOL_CONVERSION = YES;
				CLANG_WARN_COMMA = YES;
				CLANG_WARN_CONSTANT_CONVERSION = YES;
				CLANG_WARN_DEPRECATED_OBJC_IMPLEMENTATIONS = YES;
				CLANG_WARN_DIRECT_OBJC_ISA_USAGE = YES_ERROR;
				CLANG_WARN_DOCUMENTATION_COMMENTS = YES;
				CLANG_WARN_EMPTY_BODY = YES;
				CLANG_WARN_ENUM_CONVERSION = YES;
				CLANG_WARN_INFINITE_RECURSION = YES;
				CLANG_WARN_INT_CONVERSION = YES;
				CLANG_WARN_NON_LITERAL_NULL_CONVERSION = YES;
				CLANG_WARN_OBJC_IMPLICIT_RETAIN_SELF = YES;
				CLANG_WARN_OBJC_LITERAL_CONVERSION = YES;
				CLANG_WARN_OBJC_ROOT_CLASS = YES_ERROR;
				CLANG_WARN_QUOTED_INCLUDE_IN_FRAMEWORK_HEADER = YES;
				CLANG_WARN_RANGE_LOOP_ANALYSIS = YES;
				CLANG_WARN_STRICT_PROTOTYPES = YES;
				CLANG_WARN_SUSPICIOUS_MOVE = YES;
				CLANG_WARN_UNGUARDED_AVAILABILITY = YES_AGGRESSIVE;
				CLANG_WARN_UNREACHABLE_CODE = YES;
				CLANG_WARN__DUPLICATE_METHOD_MATCH = YES;
				COPY_PHASE_STRIP = NO;
				DEBUG_INFORMATION_FORMAT = "dwarf-with-dsym";
				ENABLE_NS_ASSERTIONS = NO;
				ENABLE_STRICT_OBJC_MSGSEND = YES;
				GCC_C_LANGUAGE_STANDARD = gnu11;
				GCC_NO_COMMON_BLOCKS = YES;
				GCC_WARN_64_TO_32_BIT_CONVERSION = YES;
				GCC_WARN_ABOUT_RETURN_TYPE = YES_ERROR;
				GCC_WARN_UNDECLARED_SELECTOR = YES;
				GCC_WARN_UNINITIALIZED_AUTOS = YES_AGGRESSIVE;
				GCC_WARN_UNUSED_FUNCTION = YES;
				GCC_WARN_UNUSED_VARIABLE = YES;
				IPHONEOS_DEPLOYMENT_TARGET = 15.0;
				MTL_ENABLE_DEBUG_INFO = NO;
				MTL_FAST_MATH = YES;
				SDKROOT = iphoneos;
				SWIFT_COMPILATION_MODE = wholemodule;
				SWIFT_OPTIMIZATION_LEVEL = "-O";
				VALIDATE_PRODUCT = YES;
			};
			name = Release;
		};
		EF69526D2A680B4100911F18 /* Debug */ = {
			isa = XCBuildConfiguration;
			baseConfigurationReference = F9BBD7A4AF207C3CB2D8B06B /* Pods-example-currency-to-btc.debug.xcconfig */;
			buildSettings = {
				ASSETCATALOG_COMPILER_APPICON_NAME = AppIcon;
				ASSETCATALOG_COMPILER_GLOBAL_ACCENT_COLOR_NAME = AccentColor;
				CODE_SIGN_STYLE = Manual;
				CURRENT_PROJECT_VERSION = 1;
				DEVELOPMENT_TEAM = "";
				GENERATE_INFOPLIST_FILE = YES;
				INFOPLIST_FILE = "example-currency-to-btc/Info.plist";
				INFOPLIST_KEY_UIApplicationSupportsIndirectInputEvents = YES;
				INFOPLIST_KEY_UILaunchStoryboardName = LaunchScreen;
				INFOPLIST_KEY_UISupportedInterfaceOrientations = "UIInterfaceOrientationLandscapeLeft UIInterfaceOrientationLandscapeRight UIInterfaceOrientationPortrait";
				LD_RUNPATH_SEARCH_PATHS = (
					"$(inherited)",
					"@executable_path/Frameworks",
				);
				MARKETING_VERSION = 1.0;
				PRODUCT_BUNDLE_IDENTIFIER = "com-test.example-currency-to-btc";
				PRODUCT_NAME = "$(TARGET_NAME)";
				PROVISIONING_PROFILE_SPECIFIER = "";
				SWIFT_EMIT_LOC_STRINGS = YES;
				SWIFT_VERSION = 5.0;
				TARGETED_DEVICE_FAMILY = "1,2";
			};
			name = Debug;
		};
		EF69526E2A680B4100911F18 /* Release */ = {
			isa = XCBuildConfiguration;
			baseConfigurationReference = E36355BD0A74A789D6FF1BD6 /* Pods-example-currency-to-btc.release.xcconfig */;
			buildSettings = {
				ASSETCATALOG_COMPILER_APPICON_NAME = AppIcon;
				ASSETCATALOG_COMPILER_GLOBAL_ACCENT_COLOR_NAME = AccentColor;
				CODE_SIGN_STYLE = Automatic;
				CURRENT_PROJECT_VERSION = 1;
				DEVELOPMENT_TEAM = Y46GLN8894;
				GENERATE_INFOPLIST_FILE = YES;
				INFOPLIST_FILE = "example-currency-to-btc/Info.plist";
				INFOPLIST_KEY_UIApplicationSupportsIndirectInputEvents = YES;
				INFOPLIST_KEY_UILaunchStoryboardName = LaunchScreen;
				INFOPLIST_KEY_UISupportedInterfaceOrientations = "UIInterfaceOrientationLandscapeLeft UIInterfaceOrientationLandscapeRight UIInterfaceOrientationPortrait";
				LD_RUNPATH_SEARCH_PATHS = (
					"$(inherited)",
					"@executable_path/Frameworks",
				);
				MARKETING_VERSION = 1.0;
				PRODUCT_BUNDLE_IDENTIFIER = "com-test.example-currency-to-btc";
				PRODUCT_NAME = "$(TARGET_NAME)";
				SWIFT_EMIT_LOC_STRINGS = YES;
				SWIFT_VERSION = 5.0;
				TARGETED_DEVICE_FAMILY = "1,2";
			};
			name = Release;
		};
		EF6952702A680B4100911F18 /* Debug */ = {
			isa = XCBuildConfiguration;
			baseConfigurationReference = 5465273428EA2B0E90E1B15B /* Pods-example-currency-to-btcTests.debug.xcconfig */;
			buildSettings = {
				ALWAYS_EMBED_SWIFT_STANDARD_LIBRARIES = YES;
				BUNDLE_LOADER = "$(TEST_HOST)";
				CODE_SIGN_STYLE = Automatic;
				CURRENT_PROJECT_VERSION = 1;
				DEVELOPMENT_TEAM = Y46GLN8894;
				GENERATE_INFOPLIST_FILE = YES;
				IPHONEOS_DEPLOYMENT_TARGET = 15.0;
				MARKETING_VERSION = 1.0;
				PRODUCT_BUNDLE_IDENTIFIER = "com-test.example-currency-to-btcTests";
				PRODUCT_NAME = "$(TARGET_NAME)";
				SWIFT_EMIT_LOC_STRINGS = NO;
				SWIFT_VERSION = 5.0;
				TARGETED_DEVICE_FAMILY = "1,2";
				TEST_HOST = "$(BUILT_PRODUCTS_DIR)/example-currency-to-btc.app/$(BUNDLE_EXECUTABLE_FOLDER_PATH)/example-currency-to-btc";
			};
			name = Debug;
		};
		EF6952712A680B4100911F18 /* Release */ = {
			isa = XCBuildConfiguration;
			baseConfigurationReference = DB901226F52B662E099C4B0E /* Pods-example-currency-to-btcTests.release.xcconfig */;
			buildSettings = {
				ALWAYS_EMBED_SWIFT_STANDARD_LIBRARIES = YES;
				BUNDLE_LOADER = "$(TEST_HOST)";
				CODE_SIGN_STYLE = Automatic;
				CURRENT_PROJECT_VERSION = 1;
				DEVELOPMENT_TEAM = Y46GLN8894;
				GENERATE_INFOPLIST_FILE = YES;
				IPHONEOS_DEPLOYMENT_TARGET = 15.0;
				MARKETING_VERSION = 1.0;
				PRODUCT_BUNDLE_IDENTIFIER = "com-test.example-currency-to-btcTests";
				PRODUCT_NAME = "$(TARGET_NAME)";
				SWIFT_EMIT_LOC_STRINGS = NO;
				SWIFT_VERSION = 5.0;
				TARGETED_DEVICE_FAMILY = "1,2";
				TEST_HOST = "$(BUILT_PRODUCTS_DIR)/example-currency-to-btc.app/$(BUNDLE_EXECUTABLE_FOLDER_PATH)/example-currency-to-btc";
			};
			name = Release;
		};
/* End XCBuildConfiguration section */

/* Begin XCConfigurationList section */
		EF69523D2A680B3F00911F18 /* Build configuration list for PBXProject "example-currency-to-btc" */ = {
			isa = XCConfigurationList;
			buildConfigurations = (
				EF69526A2A680B4100911F18 /* Debug */,
				EF69526B2A680B4100911F18 /* Release */,
			);
			defaultConfigurationIsVisible = 0;
			defaultConfigurationName = Release;
		};
		EF69526C2A680B4100911F18 /* Build configuration list for PBXNativeTarget "example-currency-to-btc" */ = {
			isa = XCConfigurationList;
			buildConfigurations = (
				EF69526D2A680B4100911F18 /* Debug */,
				EF69526E2A680B4100911F18 /* Release */,
			);
			defaultConfigurationIsVisible = 0;
			defaultConfigurationName = Release;
		};
		EF69526F2A680B4100911F18 /* Build configuration list for PBXNativeTarget "example-currency-to-btcTests" */ = {
			isa = XCConfigurationList;
			buildConfigurations = (
				EF6952702A680B4100911F18 /* Debug */,
				EF6952712A680B4100911F18 /* Release */,
			);
			defaultConfigurationIsVisible = 0;
			defaultConfigurationName = Release;
		};
/* End XCConfigurationList section */
	};
	rootObject = EF69523A2A680B3F00911F18 /* Project object */;
}
